// !$*UTF8*$!
{
	archiveVersion = 1;
	classes = {
	};
	objectVersion = 46;
	objects = {

/* Begin PBXBuildFile section */
		56448DD8963F9F9E2613748E /* Pods_PTable.framework in Frameworks */ = {isa = PBXBuildFile; fileRef = C1CC36706B4AE9835640FF87 /* Pods_PTable.framework */; };
		5661BF5C1DEB9422008059AD /* AppDelegate.swift in Sources */ = {isa = PBXBuildFile; fileRef = 5661BF5B1DEB9422008059AD /* AppDelegate.swift */; };
		5661BF5E1DEB9422008059AD /* ViewController.swift in Sources */ = {isa = PBXBuildFile; fileRef = 5661BF5D1DEB9422008059AD /* ViewController.swift */; };
		5661BF611DEB9422008059AD /* Main.storyboard in Resources */ = {isa = PBXBuildFile; fileRef = 5661BF5F1DEB9422008059AD /* Main.storyboard */; };
		5661BF631DEB9422008059AD /* Assets.xcassets in Resources */ = {isa = PBXBuildFile; fileRef = 5661BF621DEB9422008059AD /* Assets.xcassets */; };
		5661BF661DEB9422008059AD /* LaunchScreen.storyboard in Resources */ = {isa = PBXBuildFile; fileRef = 5661BF641DEB9422008059AD /* LaunchScreen.storyboard */; };
		5661BF711DEB9422008059AD /* PTableTests.swift in Sources */ = {isa = PBXBuildFile; fileRef = 5661BF701DEB9422008059AD /* PTableTests.swift */; };
		5661BF7C1DEB9422008059AD /* PTableUITests.swift in Sources */ = {isa = PBXBuildFile; fileRef = 5661BF7B1DEB9422008059AD /* PTableUITests.swift */; };
		5661BF8A1DEB9447008059AD /* CollectionViewCell.swift in Sources */ = {isa = PBXBuildFile; fileRef = 5661BF891DEB9447008059AD /* CollectionViewCell.swift */; };
		5661BF8C1DEB94C9008059AD /* Element.swift in Sources */ = {isa = PBXBuildFile; fileRef = 5661BF8B1DEB94C9008059AD /* Element.swift */; };
		56AF7DB01DEB95A300E3AE53 /* SwiftyJSON.framework in Frameworks */ = {isa = PBXBuildFile; fileRef = 56AF7DAF1DEB95A300E3AE53 /* SwiftyJSON.framework */; };
		56AF7DB21DEB98F200E3AE53 /* pt.json in Resources */ = {isa = PBXBuildFile; fileRef = 56AF7DB11DEB98F200E3AE53 /* pt.json */; };
/* End PBXBuildFile section */

/* Begin PBXContainerItemProxy section */
		5661BF6D1DEB9422008059AD /* PBXContainerItemProxy */ = {
			isa = PBXContainerItemProxy;
			containerPortal = 5661BF501DEB9422008059AD /* Project object */;
			proxyType = 1;
			remoteGlobalIDString = 5661BF571DEB9422008059AD;
			remoteInfo = PTable;
		};
		5661BF781DEB9422008059AD /* PBXContainerItemProxy */ = {
			isa = PBXContainerItemProxy;
			containerPortal = 5661BF501DEB9422008059AD /* Project object */;
			proxyType = 1;
			remoteGlobalIDString = 5661BF571DEB9422008059AD;
			remoteInfo = PTable;
		};
/* End PBXContainerItemProxy section */

/* Begin PBXFileReference section */
		314404E3348E19E0FA9D97DA /* Pods-PTable.debug.xcconfig */ = {isa = PBXFileReference; includeInIndex = 1; lastKnownFileType = text.xcconfig; name = "Pods-PTable.debug.xcconfig"; path = "Pods/Target Support Files/Pods-PTable/Pods-PTable.debug.xcconfig"; sourceTree = "<group>"; };
		5661BF581DEB9422008059AD /* PTable.app */ = {isa = PBXFileReference; explicitFileType = wrapper.application; includeInIndex = 0; path = PTable.app; sourceTree = BUILT_PRODUCTS_DIR; };
		5661BF5B1DEB9422008059AD /* AppDelegate.swift */ = {isa = PBXFileReference; lastKnownFileType = sourcecode.swift; path = AppDelegate.swift; sourceTree = "<group>"; };
		5661BF5D1DEB9422008059AD /* ViewController.swift */ = {isa = PBXFileReference; lastKnownFileType = sourcecode.swift; path = ViewController.swift; sourceTree = "<group>"; };
		5661BF601DEB9422008059AD /* Base */ = {isa = PBXFileReference; lastKnownFileType = file.storyboard; name = Base; path = Base.lproj/Main.storyboard; sourceTree = "<group>"; };
		5661BF621DEB9422008059AD /* Assets.xcassets */ = {isa = PBXFileReference; lastKnownFileType = folder.assetcatalog; path = Assets.xcassets; sourceTree = "<group>"; };
		5661BF651DEB9422008059AD /* Base */ = {isa = PBXFileReference; lastKnownFileType = file.storyboard; name = Base; path = Base.lproj/LaunchScreen.storyboard; sourceTree = "<group>"; };
		5661BF671DEB9422008059AD /* Info.plist */ = {isa = PBXFileReference; lastKnownFileType = text.plist.xml; path = Info.plist; sourceTree = "<group>"; };
		5661BF6C1DEB9422008059AD /* PTableTests.xctest */ = {isa = PBXFileReference; explicitFileType = wrapper.cfbundle; includeInIndex = 0; path = PTableTests.xctest; sourceTree = BUILT_PRODUCTS_DIR; };
		5661BF701DEB9422008059AD /* PTableTests.swift */ = {isa = PBXFileReference; lastKnownFileType = sourcecode.swift; path = PTableTests.swift; sourceTree = "<group>"; };
		5661BF721DEB9422008059AD /* Info.plist */ = {isa = PBXFileReference; lastKnownFileType = text.plist.xml; path = Info.plist; sourceTree = "<group>"; };
		5661BF771DEB9422008059AD /* PTableUITests.xctest */ = {isa = PBXFileReference; explicitFileType = wrapper.cfbundle; includeInIndex = 0; path = PTableUITests.xctest; sourceTree = BUILT_PRODUCTS_DIR; };
		5661BF7B1DEB9422008059AD /* PTableUITests.swift */ = {isa = PBXFileReference; lastKnownFileType = sourcecode.swift; path = PTableUITests.swift; sourceTree = "<group>"; };
		5661BF7D1DEB9422008059AD /* Info.plist */ = {isa = PBXFileReference; lastKnownFileType = text.plist.xml; path = Info.plist; sourceTree = "<group>"; };
		5661BF891DEB9447008059AD /* CollectionViewCell.swift */ = {isa = PBXFileReference; fileEncoding = 4; lastKnownFileType = sourcecode.swift; path = CollectionViewCell.swift; sourceTree = "<group>"; };
		5661BF8B1DEB94C9008059AD /* Element.swift */ = {isa = PBXFileReference; fileEncoding = 4; lastKnownFileType = sourcecode.swift; path = Element.swift; sourceTree = "<group>"; };
		56AF7DAF1DEB95A300E3AE53 /* SwiftyJSON.framework */ = {isa = PBXFileReference; lastKnownFileType = wrapper.framework; name = SwiftyJSON.framework; path = "Pods/../build/Debug-iphoneos/SwiftyJSON/SwiftyJSON.framework"; sourceTree = "<group>"; };
		56AF7DB11DEB98F200E3AE53 /* pt.json */ = {isa = PBXFileReference; fileEncoding = 4; lastKnownFileType = text.json; path = pt.json; sourceTree = "<group>"; };
		B4520CC1AE5FA341135A2DAA /* Pods-PTable.release.xcconfig */ = {isa = PBXFileReference; includeInIndex = 1; lastKnownFileType = text.xcconfig; name = "Pods-PTable.release.xcconfig"; path = "Pods/Target Support Files/Pods-PTable/Pods-PTable.release.xcconfig"; sourceTree = "<group>"; };
		C1CC36706B4AE9835640FF87 /* Pods_PTable.framework */ = {isa = PBXFileReference; explicitFileType = wrapper.framework; includeInIndex = 0; path = Pods_PTable.framework; sourceTree = BUILT_PRODUCTS_DIR; };
/* End PBXFileReference section */

/* Begin PBXFrameworksBuildPhase section */
		5661BF551DEB9422008059AD /* Frameworks */ = {
			isa = PBXFrameworksBuildPhase;
			buildActionMask = 2147483647;
			files = (
				56AF7DB01DEB95A300E3AE53 /* SwiftyJSON.framework in Frameworks */,
				56448DD8963F9F9E2613748E /* Pods_PTable.framework in Frameworks */,
			);
			runOnlyForDeploymentPostprocessing = 0;
		};
		5661BF691DEB9422008059AD /* Frameworks */ = {
			isa = PBXFrameworksBuildPhase;
			buildActionMask = 2147483647;
			files = (
			);
			runOnlyForDeploymentPostprocessing = 0;
		};
		5661BF741DEB9422008059AD /* Frameworks */ = {
			isa = PBXFrameworksBuildPhase;
			buildActionMask = 2147483647;
			files = (
			);
			runOnlyForDeploymentPostprocessing = 0;
		};
/* End PBXFrameworksBuildPhase section */

/* Begin PBXGroup section */
		31112E3DD7410A160EBA8EFE /* Frameworks */ = {
			isa = PBXGroup;
			children = (
				56AF7DAF1DEB95A300E3AE53 /* SwiftyJSON.framework */,
				C1CC36706B4AE9835640FF87 /* Pods_PTable.framework */,
			);
			name = Frameworks;
			sourceTree = "<group>";
		};
		5661BF4F1DEB9422008059AD = {
			isa = PBXGroup;
			children = (
				5661BF5A1DEB9422008059AD /* PTable */,
				5661BF6F1DEB9422008059AD /* PTableTests */,
				5661BF7A1DEB9422008059AD /* PTableUITests */,
				5661BF591DEB9422008059AD /* Products */,
				896EFF99632BC5A6F2C205B8 /* Pods */,
				31112E3DD7410A160EBA8EFE /* Frameworks */,
			);
			sourceTree = "<group>";
		};
		5661BF591DEB9422008059AD /* Products */ = {
			isa = PBXGroup;
			children = (
				5661BF581DEB9422008059AD /* PTable.app */,
				5661BF6C1DEB9422008059AD /* PTableTests.xctest */,
				5661BF771DEB9422008059AD /* PTableUITests.xctest */,
			);
			name = Products;
			sourceTree = "<group>";
		};
		5661BF5A1DEB9422008059AD /* PTable */ = {
			isa = PBXGroup;
			children = (
				5661BF5B1DEB9422008059AD /* AppDelegate.swift */,
				5661BF891DEB9447008059AD /* CollectionViewCell.swift */,
				5661BF5D1DEB9422008059AD /* ViewController.swift */,
				5661BF8B1DEB94C9008059AD /* Element.swift */,
				56AF7DB11DEB98F200E3AE53 /* pt.json */,
				5661BF5F1DEB9422008059AD /* Main.storyboard */,
				5661BF621DEB9422008059AD /* Assets.xcassets */,
				5661BF641DEB9422008059AD /* LaunchScreen.storyboard */,
				5661BF671DEB9422008059AD /* Info.plist */,
			);
			path = PTable;
			sourceTree = "<group>";
		};
		5661BF6F1DEB9422008059AD /* PTableTests */ = {
			isa = PBXGroup;
			children = (
				5661BF701DEB9422008059AD /* PTableTests.swift */,
				5661BF721DEB9422008059AD /* Info.plist */,
			);
			path = PTableTests;
			sourceTree = "<group>";
		};
		5661BF7A1DEB9422008059AD /* PTableUITests */ = {
			isa = PBXGroup;
			children = (
				5661BF7B1DEB9422008059AD /* PTableUITests.swift */,
				5661BF7D1DEB9422008059AD /* Info.plist */,
			);
			path = PTableUITests;
			sourceTree = "<group>";
		};
		896EFF99632BC5A6F2C205B8 /* Pods */ = {
			isa = PBXGroup;
			children = (
				314404E3348E19E0FA9D97DA /* Pods-PTable.debug.xcconfig */,
				B4520CC1AE5FA341135A2DAA /* Pods-PTable.release.xcconfig */,
			);
			name = Pods;
			sourceTree = "<group>";
		};
/* End PBXGroup section */

/* Begin PBXNativeTarget section */
		5661BF571DEB9422008059AD /* PTable */ = {
			isa = PBXNativeTarget;
			buildConfigurationList = 5661BF801DEB9422008059AD /* Build configuration list for PBXNativeTarget "PTable" */;
			buildPhases = (
				6B67F9D69E6F63D879733F69 /* [CP] Check Pods Manifest.lock */,
				5661BF541DEB9422008059AD /* Sources */,
				5661BF551DEB9422008059AD /* Frameworks */,
				5661BF561DEB9422008059AD /* Resources */,
				2DDE929C1B65731FDB075330 /* [CP] Embed Pods Frameworks */,
				83C3F91D5698F5AC87F48982 /* [CP] Copy Pods Resources */,
			);
			buildRules = (
			);
			dependencies = (
			);
			name = PTable;
			productName = PTable;
			productReference = 5661BF581DEB9422008059AD /* PTable.app */;
			productType = "com.apple.product-type.application";
		};
		5661BF6B1DEB9422008059AD /* PTableTests */ = {
			isa = PBXNativeTarget;
			buildConfigurationList = 5661BF831DEB9422008059AD /* Build configuration list for PBXNativeTarget "PTableTests" */;
			buildPhases = (
				5661BF681DEB9422008059AD /* Sources */,
				5661BF691DEB9422008059AD /* Frameworks */,
				5661BF6A1DEB9422008059AD /* Resources */,
			);
			buildRules = (
			);
			dependencies = (
				5661BF6E1DEB9422008059AD /* PBXTargetDependency */,
			);
			name = PTableTests;
			productName = PTableTests;
			productReference = 5661BF6C1DEB9422008059AD /* PTableTests.xctest */;
			productType = "com.apple.product-type.bundle.unit-test";
		};
		5661BF761DEB9422008059AD /* PTableUITests */ = {
			isa = PBXNativeTarget;
			buildConfigurationList = 5661BF861DEB9422008059AD /* Build configuration list for PBXNativeTarget "PTableUITests" */;
			buildPhases = (
				5661BF731DEB9422008059AD /* Sources */,
				5661BF741DEB9422008059AD /* Frameworks */,
				5661BF751DEB9422008059AD /* Resources */,
			);
			buildRules = (
			);
			dependencies = (
				5661BF791DEB9422008059AD /* PBXTargetDependency */,
			);
			name = PTableUITests;
			productName = PTableUITests;
			productReference = 5661BF771DEB9422008059AD /* PTableUITests.xctest */;
			productType = "com.apple.product-type.bundle.ui-testing";
		};
/* End PBXNativeTarget section */

/* Begin PBXProject section */
		5661BF501DEB9422008059AD /* Project object */ = {
			isa = PBXProject;
			attributes = {
				LastSwiftUpdateCheck = 0810;
				LastUpgradeCheck = 0810;
				ORGANIZATIONNAME = "Omar Abbasi";
				TargetAttributes = {
					5661BF571DEB9422008059AD = {
						CreatedOnToolsVersion = 8.1;
						DevelopmentTeam = AEA87WCYYX;
						ProvisioningStyle = Automatic;
					};
					5661BF6B1DEB9422008059AD = {
						CreatedOnToolsVersion = 8.1;
						DevelopmentTeam = AEA87WCYYX;
						ProvisioningStyle = Automatic;
						TestTargetID = 5661BF571DEB9422008059AD;
					};
					5661BF761DEB9422008059AD = {
						CreatedOnToolsVersion = 8.1;
						DevelopmentTeam = AEA87WCYYX;
						ProvisioningStyle = Automatic;
						TestTargetID = 5661BF571DEB9422008059AD;
					};
				};
			};
			buildConfigurationList = 5661BF531DEB9422008059AD /* Build configuration list for PBXProject "PTable" */;
			compatibilityVersion = "Xcode 3.2";
			developmentRegion = English;
			hasScannedForEncodings = 0;
			knownRegions = (
				en,
				Base,
			);
			mainGroup = 5661BF4F1DEB9422008059AD;
			productRefGroup = 5661BF591DEB9422008059AD /* Products */;
			projectDirPath = "";
			projectRoot = "";
			targets = (
				5661BF571DEB9422008059AD /* PTable */,
				5661BF6B1DEB9422008059AD /* PTableTests */,
				5661BF761DEB9422008059AD /* PTableUITests */,
			);
		};
/* End PBXProject section */

/* Begin PBXResourcesBuildPhase section */
		5661BF561DEB9422008059AD /* Resources */ = {
			isa = PBXResourcesBuildPhase;
			buildActionMask = 2147483647;
			files = (
				5661BF661DEB9422008059AD /* LaunchScreen.storyboard in Resources */,
				5661BF631DEB9422008059AD /* Assets.xcassets in Resources */,
				5661BF611DEB9422008059AD /* Main.storyboard in Resources */,
				56AF7DB21DEB98F200E3AE53 /* pt.json in Resources */,
			);
			runOnlyForDeploymentPostprocessing = 0;
		};
		5661BF6A1DEB9422008059AD /* Resources */ = {
			isa = PBXResourcesBuildPhase;
			buildActionMask = 2147483647;
			files = (
			);
			runOnlyForDeploymentPostprocessing = 0;
		};
		5661BF751DEB9422008059AD /* Resources */ = {
			isa = PBXResourcesBuildPhase;
			buildActionMask = 2147483647;
			files = (
			);
			runOnlyForDeploymentPostprocessing = 0;
		};
/* End PBXResourcesBuildPhase section */

/* Begin PBXShellScriptBuildPhase section */
		2DDE929C1B65731FDB075330 /* [CP] Embed Pods Frameworks */ = {
			isa = PBXShellScriptBuildPhase;
			buildActionMask = 2147483647;
			files = (
			);
			inputPaths = (
			);
			name = "[CP] Embed Pods Frameworks";
			outputPaths = (
			);
			runOnlyForDeploymentPostprocessing = 0;
			shellPath = /bin/sh;
			shellScript = "\"${SRCROOT}/Pods/Target Support Files/Pods-PTable/Pods-PTable-frameworks.sh\"\n";
			showEnvVarsInLog = 0;
		};
		6B67F9D69E6F63D879733F69 /* [CP] Check Pods Manifest.lock */ = {
			isa = PBXShellScriptBuildPhase;
			buildActionMask = 2147483647;
			files = (
			);
			inputPaths = (
			);
			name = "[CP] Check Pods Manifest.lock";
			outputPaths = (
			);
			runOnlyForDeploymentPostprocessing = 0;
			shellPath = /bin/sh;
			shellScript = "diff \"${PODS_ROOT}/../Podfile.lock\" \"${PODS_ROOT}/Manifest.lock\" > /dev/null\nif [ $? != 0 ] ; then\n    # print error to STDERR\n    echo \"error: The sandbox is not in sync with the Podfile.lock. Run 'pod install' or update your CocoaPods installation.\" >&2\n    exit 1\nfi\n";
			showEnvVarsInLog = 0;
		};
		83C3F91D5698F5AC87F48982 /* [CP] Copy Pods Resources */ = {
			isa = PBXShellScriptBuildPhase;
			buildActionMask = 2147483647;
			files = (
			);
			inputPaths = (
			);
			name = "[CP] Copy Pods Resources";
			outputPaths = (
			);
			runOnlyForDeploymentPostprocessing = 0;
			shellPath = /bin/sh;
			shellScript = "\"${SRCROOT}/Pods/Target Support Files/Pods-PTable/Pods-PTable-resources.sh\"\n";
			showEnvVarsInLog = 0;
		};
/* End PBXShellScriptBuildPhase section */

/* Begin PBXSourcesBuildPhase section */
		5661BF541DEB9422008059AD /* Sources */ = {
			isa = PBXSourcesBuildPhase;
			buildActionMask = 2147483647;
			files = (
				5661BF5E1DEB9422008059AD /* ViewController.swift in Sources */,
				5661BF5C1DEB9422008059AD /* AppDelegate.swift in Sources */,
				5661BF8C1DEB94C9008059AD /* Element.swift in Sources */,
				5661BF8A1DEB9447008059AD /* CollectionViewCell.swift in Sources */,
			);
			runOnlyForDeploymentPostprocessing = 0;
		};
		5661BF681DEB9422008059AD /* Sources */ = {
			isa = PBXSourcesBuildPhase;
			buildActionMask = 2147483647;
			files = (
				5661BF711DEB9422008059AD /* PTableTests.swift in Sources */,
			);
			runOnlyForDeploymentPostprocessing = 0;
		};
		5661BF731DEB9422008059AD /* Sources */ = {
			isa = PBXSourcesBuildPhase;
			buildActionMask = 2147483647;
			files = (
				5661BF7C1DEB9422008059AD /* PTableUITests.swift in Sources */,
			);
			runOnlyForDeploymentPostprocessing = 0;
		};
/* End PBXSourcesBuildPhase section */

/* Begin PBXTargetDependency section */
		5661BF6E1DEB9422008059AD /* PBXTargetDependency */ = {
			isa = PBXTargetDependency;
			target = 5661BF571DEB9422008059AD /* PTable */;
			targetProxy = 5661BF6D1DEB9422008059AD /* PBXContainerItemProxy */;
		};
		5661BF791DEB9422008059AD /* PBXTargetDependency */ = {
			isa = PBXTargetDependency;
			target = 5661BF571DEB9422008059AD /* PTable */;
			targetProxy = 5661BF781DEB9422008059AD /* PBXContainerItemProxy */;
		};
/* End PBXTargetDependency section */

/* Begin PBXVariantGroup section */
		5661BF5F1DEB9422008059AD /* Main.storyboard */ = {
			isa = PBXVariantGroup;
			children = (
				5661BF601DEB9422008059AD /* Base */,
			);
			name = Main.storyboard;
			sourceTree = "<group>";
		};
		5661BF641DEB9422008059AD /* LaunchScreen.storyboard */ = {
			isa = PBXVariantGroup;
			children = (
				5661BF651DEB9422008059AD /* Base */,
			);
			name = LaunchScreen.storyboard;
			sourceTree = "<group>";
		};
/* End PBXVariantGroup section */

/* Begin XCBuildConfiguration section */
		5661BF7E1DEB9422008059AD /* Debug */ = {
			isa = XCBuildConfiguration;
			buildSettings = {
				ALWAYS_SEARCH_USER_PATHS = NO;
				CLANG_ANALYZER_NONNULL = YES;
				CLANG_CXX_LANGUAGE_STANDARD = "gnu++0x";
				CLANG_CXX_LIBRARY = "libc++";
				CLANG_ENABLE_MODULES = YES;
				CLANG_ENABLE_OBJC_ARC = YES;
				CLANG_WARN_BOOL_CONVERSION = YES;
				CLANG_WARN_CONSTANT_CONVERSION = YES;
				CLANG_WARN_DIRECT_OBJC_ISA_USAGE = YES_ERROR;
				CLANG_WARN_DOCUMENTATION_COMMENTS = YES;
				CLANG_WARN_EMPTY_BODY = YES;
				CLANG_WARN_ENUM_CONVERSION = YES;
				CLANG_WARN_INFINITE_RECURSION = YES;
				CLANG_WARN_INT_CONVERSION = YES;
				CLANG_WARN_OBJC_ROOT_CLASS = YES_ERROR;
				CLANG_WARN_SUSPICIOUS_MOVES = YES;
				CLANG_WARN_UNREACHABLE_CODE = YES;
				CLANG_WARN__DUPLICATE_METHOD_MATCH = YES;
				"CODE_SIGN_IDENTITY[sdk=iphoneos*]" = "iPhone Developer";
				COPY_PHASE_STRIP = NO;
				DEBUG_INFORMATION_FORMAT = dwarf;
				ENABLE_STRICT_OBJC_MSGSEND = YES;
				ENABLE_TESTABILITY = YES;
				GCC_C_LANGUAGE_STANDARD = gnu99;
				GCC_DYNAMIC_NO_PIC = NO;
				GCC_NO_COMMON_BLOCKS = YES;
				GCC_OPTIMIZATION_LEVEL = 0;
				GCC_PREPROCESSOR_DEFINITIONS = (
					"DEBUG=1",
					"$(inherited)",
				);
				GCC_WARN_64_TO_32_BIT_CONVERSION = YES;
				GCC_WARN_ABOUT_RETURN_TYPE = YES_ERROR;
				GCC_WARN_UNDECLARED_SELECTOR = YES;
				GCC_WARN_UNINITIALIZED_AUTOS = YES_AGGRESSIVE;
				GCC_WARN_UNUSED_FUNCTION = YES;
				GCC_WARN_UNUSED_VARIABLE = YES;
				IPHONEOS_DEPLOYMENT_TARGET = 10.1;
				MTL_ENABLE_DEBUG_INFO = YES;
				ONLY_ACTIVE_ARCH = YES;
				SDKROOT = iphoneos;
				SWIFT_ACTIVE_COMPILATION_CONDITIONS = DEBUG;
				SWIFT_OPTIMIZATION_LEVEL = "-Onone";
			};
			name = Debug;
		};
		5661BF7F1DEB9422008059AD /* Release */ = {
			isa = XCBuildConfiguration;
			buildSettings = {
				ALWAYS_SEARCH_USER_PATHS = NO;
				CLANG_ANALYZER_NONNULL = YES;
				CLANG_CXX_LANGUAGE_STANDARD = "gnu++0x";
				CLANG_CXX_LIBRARY = "libc++";
				CLANG_ENABLE_MODULES = YES;
				CLANG_ENABLE_OBJC_ARC = YES;
				CLANG_WARN_BOOL_CONVERSION = YES;
				CLANG_WARN_CONSTANT_CONVERSION = YES;
				CLANG_WARN_DIRECT_OBJC_ISA_USAGE = YES_ERROR;
				CLANG_WARN_DOCUMENTATION_COMMENTS = YES;
				CLANG_WARN_EMPTY_BODY = YES;
				CLANG_WARN_ENUM_CONVERSION = YES;
				CLANG_WARN_INFINITE_RECURSION = YES;
				CLANG_WARN_INT_CONVERSION = YES;
				CLANG_WARN_OBJC_ROOT_CLASS = YES_ERROR;
				CLANG_WARN_SUSPICIOUS_MOVES = YES;
				CLANG_WARN_UNREACHABLE_CODE = YES;
				CLANG_WARN__DUPLICATE_METHOD_MATCH = YES;
				"CODE_SIGN_IDENTITY[sdk=iphoneos*]" = "iPhone Developer";
				COPY_PHASE_STRIP = NO;
				DEBUG_INFORMATION_FORMAT = "dwarf-with-dsym";
				ENABLE_NS_ASSERTIONS = NO;
				ENABLE_STRICT_OBJC_MSGSEND = YES;
				GCC_C_LANGUAGE_STANDARD = gnu99;
				GCC_NO_COMMON_BLOCKS = YES;
				GCC_WARN_64_TO_32_BIT_CONVERSION = YES;
				GCC_WARN_ABOUT_RETURN_TYPE = YES_ERROR;
				GCC_WARN_UNDECLARED_SELECTOR = YES;
				GCC_WARN_UNINITIALIZED_AUTOS = YES_AGGRESSIVE;
				GCC_WARN_UNUSED_FUNCTION = YES;
				GCC_WARN_UNUSED_VARIABLE = YES;
				IPHONEOS_DEPLOYMENT_TARGET = 10.1;
				MTL_ENABLE_DEBUG_INFO = NO;
				SDKROOT = iphoneos;
				SWIFT_OPTIMIZATION_LEVEL = "-Owholemodule";
				VALIDATE_PRODUCT = YES;
			};
			name = Release;
		};
		5661BF811DEB9422008059AD /* Debug */ = {
			isa = XCBuildConfiguration;
			baseConfigurationReference = 314404E3348E19E0FA9D97DA /* Pods-PTable.debug.xcconfig */;
			buildSettings = {
				ASSETCATALOG_COMPILER_APPICON_NAME = AppIcon;
				DEVELOPMENT_TEAM = AEA87WCYYX;
				FRAMEWORK_SEARCH_PATHS = (
					"$(inherited)",
					"$(PROJECT_DIR)/build/Debug-iphoneos/SwiftyJSON",
				);
				INFOPLIST_FILE = PTable/Info.plist;
				IPHONEOS_DEPLOYMENT_TARGET = 8.0;
				LD_RUNPATH_SEARCH_PATHS = "$(inherited) @executable_path/Frameworks";
				PRODUCT_BUNDLE_IDENTIFIER = com.omar.PTable;
				PRODUCT_NAME = "$(TARGET_NAME)";
				SWIFT_VERSION = 3.0;
			};
			name = Debug;
		};
		5661BF821DEB9422008059AD /* Release */ = {
			isa = XCBuildConfiguration;
			baseConfigurationReference = B4520CC1AE5FA341135A2DAA /* Pods-PTable.release.xcconfig */;
			buildSettings = {
				ASSETCATALOG_COMPILER_APPICON_NAME = AppIcon;
				DEVELOPMENT_TEAM = AEA87WCYYX;
				FRAMEWORK_SEARCH_PATHS = (
					"$(inherited)",
					"$(PROJECT_DIR)/build/Debug-iphoneos/SwiftyJSON",
				);
				INFOPLIST_FILE = PTable/Info.plist;
				IPHONEOS_DEPLOYMENT_TARGET = 8.0;
				LD_RUNPATH_SEARCH_PATHS = "$(inherited) @executable_path/Frameworks";
				PRODUCT_BUNDLE_IDENTIFIER = com.omar.PTable;
				PRODUCT_NAME = "$(TARGET_NAME)";
				SWIFT_VERSION = 3.0;
			};
			name = Release;
		};
		5661BF841DEB9422008059AD /* Debug */ = {
			isa = XCBuildConfiguration;
			buildSettings = {
				ALWAYS_EMBED_SWIFT_STANDARD_LIBRARIES = YES;
				BUNDLE_LOADER = "$(TEST_HOST)";
				DEVELOPMENT_TEAM = AEA87WCYYX;
				INFOPLIST_FILE = PTableTests/Info.plist;
				LD_RUNPATH_SEARCH_PATHS = "$(inherited) @executable_path/Frameworks @loader_path/Frameworks";
				PRODUCT_BUNDLE_IDENTIFIER = com.omar.PTableTests;
				PRODUCT_NAME = "$(TARGET_NAME)";
				SWIFT_VERSION = 3.0;
				TEST_HOST = "$(BUILT_PRODUCTS_DIR)/PTable.app/PTable";
			};
			name = Debug;
		};
		5661BF851DEB9422008059AD /* Release */ = {
			isa = XCBuildConfiguration;
			buildSettings = {
				ALWAYS_EMBED_SWIFT_STANDARD_LIBRARIES = YES;
				BUNDLE_LOADER = "$(TEST_HOST)";
				DEVELOPMENT_TEAM = AEA87WCYYX;
				INFOPLIST_FILE = PTableTests/Info.plist;
				LD_RUNPATH_SEARCH_PATHS = "$(inherited) @executable_path/Frameworks @loader_path/Frameworks";
				PRODUCT_BUNDLE_IDENTIFIER = com.omar.PTableTests;
				PRODUCT_NAME = "$(TARGET_NAME)";
				SWIFT_VERSION = 3.0;
				TEST_HOST = "$(BUILT_PRODUCTS_DIR)/PTable.app/PTable";
			};
			name = Release;
		};
		5661BF871DEB9422008059AD /* Debug */ = {
			isa = XCBuildConfiguration;
			buildSettings = {
				ALWAYS_EMBED_SWIFT_STANDARD_LIBRARIES = YES;
				DEVELOPMENT_TEAM = AEA87WCYYX;
				INFOPLIST_FILE = PTableUITests/Info.plist;
				LD_RUNPATH_SEARCH_PATHS = "$(inherited) @executable_path/Frameworks @loader_path/Frameworks";
				PRODUCT_BUNDLE_IDENTIFIER = com.omar.PTableUITests;
				PRODUCT_NAME = "$(TARGET_NAME)";
				SWIFT_VERSION = 3.0;
				TEST_TARGET_NAME = PTable;
			};
			name = Debug;
		};
		5661BF881DEB9422008059AD /* Release */ = {
			isa = XCBuildConfiguration;
			buildSettings = {
				ALWAYS_EMBED_SWIFT_STANDARD_LIBRARIES = YES;
				DEVELOPMENT_TEAM = AEA87WCYYX;
				INFOPLIST_FILE = PTableUITests/Info.plist;
				LD_RUNPATH_SEARCH_PATHS = "$(inherited) @executable_path/Frameworks @loader_path/Frameworks";
				PRODUCT_BUNDLE_IDENTIFIER = com.omar.PTableUITests;
				PRODUCT_NAME = "$(TARGET_NAME)";
				SWIFT_VERSION = 3.0;
				TEST_TARGET_NAME = PTable;
			};
			name = Release;
		};
/* End XCBuildConfiguration section */

/* Begin XCConfigurationList section */
		5661BF531DEB9422008059AD /* Build configuration list for PBXProject "PTable" */ = {
			isa = XCConfigurationList;
			buildConfigurations = (
				5661BF7E1DEB9422008059AD /* Debug */,
				5661BF7F1DEB9422008059AD /* Release */,
			);
			defaultConfigurationIsVisible = 0;
			defaultConfigurationName = Release;
		};
		5661BF801DEB9422008059AD /* Build configuration list for PBXNativeTarget "PTable" */ = {
			isa = XCConfigurationList;
			buildConfigurations = (
				5661BF811DEB9422008059AD /* Debug */,
				5661BF821DEB9422008059AD /* Release */,
			);
			defaultConfigurationIsVisible = 0;
			defaultConfigurationName = Release;
		};
		5661BF831DEB9422008059AD /* Build configuration list for PBXNativeTarget "PTableTests" */ = {
			isa = XCConfigurationList;
			buildConfigurations = (
				5661BF841DEB9422008059AD /* Debug */,
				5661BF851DEB9422008059AD /* Release */,
			);
			defaultConfigurationIsVisible = 0;
			defaultConfigurationName = Release;
		};
		5661BF861DEB9422008059AD /* Build configuration list for PBXNativeTarget "PTableUITests" */ = {
			isa = XCConfigurationList;
			buildConfigurations = (
				5661BF871DEB9422008059AD /* Debug */,
				5661BF881DEB9422008059AD /* Release */,
			);
			defaultConfigurationIsVisible = 0;
			defaultConfigurationName = Release;
		};
/* End XCConfigurationList section */
	};
	rootObject = 5661BF501DEB9422008059AD /* Project object */;
}
